{
  "name": "gitroom",
  "version": "0.1.0",
  "lockfileVersion": 1,
  "requires": true,
  "dependencies": {
    "async-limiter": {
      "version": "1.0.0",
      "resolved": "https://registry.npmjs.org/async-limiter/-/async-limiter-1.0.0.tgz",
      "integrity": "sha512-jp/uFnooOiO+L211eZOoSyzpOITMXx1rBITauYykG3BRYPu8h0UcxsPNB04RR5vo4Tyz3+ay17tR6JVf9qzYWg=="
    },
    "cheap-watch": {
      "version": "1.0.2",
      "resolved": "https://registry.npmjs.org/cheap-watch/-/cheap-watch-1.0.2.tgz",
      "integrity": "sha512-jp82t+kZAW+ZVnuYuHZEGZqDaUg28uAyOhC915BcKBSYL55fpTyuJ56cYYXZG0JkCPQT80MjRD6q2KqebaPwCw=="
    },
    "daemonize2": {
      "version": "0.4.2",
      "resolved": "https://registry.npmjs.org/daemonize2/-/daemonize2-0.4.2.tgz",
      "integrity": "sha1-xuR0B4vs+n16gUACUUxHEvZP4G8="
    },
    "ignore": {
      "version": "5.0.6",
      "resolved": "https://registry.npmjs.org/ignore/-/ignore-5.0.6.tgz",
      "integrity": "sha512-/+hp3kUf/Csa32ktIaj0OlRqQxrgs30n62M90UBpNd9k+ENEch5S+hmbW3DtcJGz3sYFTh4F3A6fQ0q7KWsp4w=="
    },
    "ws": {
      "version": "6.2.1",
      "resolved": "https://registry.npmjs.org/ws/-/ws-6.2.1.tgz",
      "integrity": "sha512-GIyAXC2cB7LjvpgMt9EKS2ldqr0MTrORaleiOno6TweZ6r3TKtoFQWay/2PceJ3RuBasOHzXNn5Lrw1X0bEjqA==",
      "requires": {
        "async-limiter": "~1.0.0"
      }
    }
  }
}
