# THIS IS AN AUTOGENERATED FILE. DO NOT EDIT THIS FILE DIRECTLY.
# yarn lockfile v1


async-limiter@~1.0.0:
  version "1.0.0"
  resolved "https://registry.yarnpkg.com/async-limiter/-/async-limiter-1.0.0.tgz#78faed8c3d074ab81f22b4e985d79e8738f720f8"
  integrity sha512-jp/uFnooOiO+L211eZOoSyzpOITMXx1rBITauYykG3BRYPu8h0UcxsPNB04RR5vo4Tyz3+ay17tR6JVf9qzYWg==

cheap-watch@^1.0.2:
  version "1.0.2"
  resolved "https://registry.yarnpkg.com/cheap-watch/-/cheap-watch-1.0.2.tgz#bfa648aea6bcd15e9fe4dce4ac760ab81cd0133c"
  integrity sha512-jp82t+kZAW+ZVnuYuHZEGZqDaUg28uAyOhC915BcKBSYL55fpTyuJ56cYYXZG0JkCPQT80MjRD6q2KqebaPwCw==

daemonize2@^0.4.2:
  version "0.4.2"
  resolved "https://registry.yarnpkg.com/daemonize2/-/daemonize2-0.4.2.tgz#c6e474078becfa7d7a814002514c4712f64fe06f"
  integrity sha1-xuR0B4vs+n16gUACUUxHEvZP4G8=

ignore@^5.0.6:
  version "5.0.6"
  resolved "https://registry.yarnpkg.com/ignore/-/ignore-5.0.6.tgz#562dacc7ec27d672dde433aa683c543b24c17694"
  integrity sha512-/+hp3kUf/Csa32ktIaj0OlRqQxrgs30n62M90UBpNd9k+ENEch5S+hmbW3DtcJGz3sYFTh4F3A6fQ0q7KWsp4w==

ws@^6.2.1:
  version "6.2.1"
  resolved "https://registry.yarnpkg.com/ws/-/ws-6.2.1.tgz#442fdf0a47ed64f59b6a5d8ff130f4748ed524fb"
  integrity sha512-GIyAXC2cB7LjvpgMt9EKS2ldqr0MTrORaleiOno6TweZ6r3TKtoFQWay/2PceJ3RuBasOHzXNn5Lrw1X0bEjqA==
  dependencies:
    async-limiter "~1.0.0"
